<?xml version="1.0" encoding="utf-8"?>
<Project ToolsVersion="4.0" xmlns="http://schemas.microsoft.com/developer/msbuild/2003">
  <ItemGroup>
    <Filter Include="Source Files">
      <UniqueIdentifier>{4FC737F1-C7A5-4376-A066-2A32D752A2FF}</UniqueIdentifier>
      <Extensions>cpp;c;cc;cxx;def;odl;idl;hpj;bat;asm;asmx</Extensions>
    </Filter>
    <Filter Include="Header Files">
      <UniqueIdentifier>{93995380-89BD-4b04-88EB-625FBE52EBFB}</UniqueIdentifier>
      <Extensions>h;hpp;hxx;hm;inl;inc;xsd</Extensions>
    </Filter>
    <Filter Include="Resource Files">
      <UniqueIdentifier>{67DA6AB6-F800-4c08-8B7A-83BB121AAD01}</UniqueIdentifier>
      <Extensions>rc;ico;cur;bmp;dlg;rc2;rct;bin;rgs;gif;jpg;jpeg;jpe;resx;tiff;tif;png;wav</Extensions>
    </Filter>
  </ItemGroup>
  <ItemGroup>
    <ClCompile Include="Gbody.cpp">
      <Filter>Source Files</Filter>
    </ClCompile>
    <ClCompile Include="NavigationCommandParser.cpp">
      <Filter>Source Files</Filter>
    </ClCompile>
    <ClCompile Include="OapiCommandParser.cpp">
      <Filter>Source Files</Filter>
    </ClCompile>
    <ClCompile Include="ObjectCommandParser.cpp">
      <Filter>Source Files</Filter>
    </ClCompile>
    <ClCompile Include="OrbConnect.cpp">
      <Filter>Source Files</Filter>
    </ClCompile>
    <ClCompile Include="PlanetCommandParser.cpp">
      <Filter>Source Files</Filter>
    </ClCompile>
    <ClCompile Include="SubscriptionParser.cpp">
      <Filter>Source Files</Filter>
    </ClCompile>
    <ClCompile Include="VesselCommandParser.cpp">
      <Filter>Source Files</Filter>
    </ClCompile>
    <ClCompile Include="XRCtlCommandParser.cpp">
      <Filter>Source Files</Filter>
    </ClCompile>
    <ClCompile Include="mongoose.c">
      <Filter>Source Files</Filter>
    </ClCompile>
    <ClCompile Include="http.cpp">
      <Filter>Source Files</Filter>
    </ClCompile>
  </ItemGroup>
  <ItemGroup>
    <ClInclude Include="CommandParser.h">
      <Filter>Header Files</Filter>
    </ClInclude>
    <ClInclude Include="Gbody.h">
      <Filter>Header Files</Filter>
    </ClInclude>
    <ClInclude Include="MessageStream.h">
      <Filter>Header Files</Filter>
    </ClInclude>
    <ClInclude Include="NavigationCommandParser.h">
      <Filter>Header Files</Filter>
    </ClInclude>
    <ClInclude Include="OapiCommandParser.h">
      <Filter>Header Files</Filter>
    </ClInclude>
    <ClInclude Include="ObjectCommandParser.h">
      <Filter>Header Files</Filter>
    </ClInclude>
    <ClInclude Include="OrbConnect.h">
      <Filter>Header Files</Filter>
    </ClInclude>
    <ClInclude Include="PlanetCommandParser.h">
      <Filter>Header Files</Filter>
    </ClInclude>
    <ClInclude Include="SubscriptionParser.h">
      <Filter>Header Files</Filter>
    </ClInclude>
    <ClInclude Include="VesselCommandParser.h">
      <Filter>Header Files</Filter>
    </ClInclude>
    <ClInclude Include="XRCtlCommandParser.h">
      <Filter>Header Files</Filter>
    </ClInclude>
    <ClInclude Include="XRVesselCtrl.h">
      <Filter>Header Files</Filter>
    </ClInclude>
    <ClInclude Include="mongoose.h">
      <Filter>Header Files</Filter>
    </ClInclude>
    <ClInclude Include="http.h">
      <Filter>Header Files</Filter>
    </ClInclude>
  </ItemGroup>
</Project>